// !$*UTF8*$!
{
	archiveVersion = 1;
	classes = {
	};
	objectVersion = 56;
	objects = {

/* Begin PBXBuildFile section */
		255A1DE42945376B008231C5 /* TaskInteractor.swift in Sources */ = {isa = PBXBuildFile; fileRef = 255A1DE32945376B008231C5 /* TaskInteractor.swift */; };
		255A1DE629453775008231C5 /* TaskPresenter.swift in Sources */ = {isa = PBXBuildFile; fileRef = 255A1DE529453775008231C5 /* TaskPresenter.swift */; };
		255A1DE82945377D008231C5 /* TaskEntity.swift in Sources */ = {isa = PBXBuildFile; fileRef = 255A1DE72945377D008231C5 /* TaskEntity.swift */; };
		255A1DEA2945378D008231C5 /* TaskRouter.swift in Sources */ = {isa = PBXBuildFile; fileRef = 255A1DE92945378D008231C5 /* TaskRouter.swift */; };
		255A1DEC2945379B008231C5 /* TaskModuleAssembly.swift in Sources */ = {isa = PBXBuildFile; fileRef = 255A1DEB2945379B008231C5 /* TaskModuleAssembly.swift */; };
		255A1DF0294537FB008231C5 /* TaskTableViewCell.swift in Sources */ = {isa = PBXBuildFile; fileRef = 255A1DEE294537FB008231C5 /* TaskTableViewCell.swift */; };
		255A1DF1294537FB008231C5 /* TaskTableViewCell.xib in Resources */ = {isa = PBXBuildFile; fileRef = 255A1DEF294537FB008231C5 /* TaskTableViewCell.xib */; };
		255A1DF329453C08008231C5 /* TaskViewController.swift in Sources */ = {isa = PBXBuildFile; fileRef = 255A1DF229453C08008231C5 /* TaskViewController.swift */; };
		25E8FE502942251500846BEB /* AppDelegate.swift in Sources */ = {isa = PBXBuildFile; fileRef = 25E8FE4F2942251500846BEB /* AppDelegate.swift */; };
		25E8FE522942251500846BEB /* SceneDelegate.swift in Sources */ = {isa = PBXBuildFile; fileRef = 25E8FE512942251500846BEB /* SceneDelegate.swift */; };
		25E8FE542942251500846BEB /* ListViewController.swift in Sources */ = {isa = PBXBuildFile; fileRef = 25E8FE532942251500846BEB /* ListViewController.swift */; };
		25E8FE5A2942251500846BEB /* taskList.xcdatamodeld in Sources */ = {isa = PBXBuildFile; fileRef = 25E8FE582942251500846BEB /* taskList.xcdatamodeld */; };
		25E8FE5C2942251600846BEB /* Assets.xcassets in Resources */ = {isa = PBXBuildFile; fileRef = 25E8FE5B2942251600846BEB /* Assets.xcassets */; };
		25E8FE5F2942251600846BEB /* LaunchScreen.storyboard in Resources */ = {isa = PBXBuildFile; fileRef = 25E8FE5D2942251600846BEB /* LaunchScreen.storyboard */; };
		25E8FE6A2942251600846BEB /* taskListTests.swift in Sources */ = {isa = PBXBuildFile; fileRef = 25E8FE692942251600846BEB /* taskListTests.swift */; };
		25E8FE742942251600846BEB /* taskListUITests.swift in Sources */ = {isa = PBXBuildFile; fileRef = 25E8FE732942251600846BEB /* taskListUITests.swift */; };
		25E8FE762942251600846BEB /* taskListUITestsLaunchTests.swift in Sources */ = {isa = PBXBuildFile; fileRef = 25E8FE752942251600846BEB /* taskListUITestsLaunchTests.swift */; };
		25E8FE8829422AD500846BEB /* ListPresenter.swift in Sources */ = {isa = PBXBuildFile; fileRef = 25E8FE8729422AD500846BEB /* ListPresenter.swift */; };
		25E8FE8E29422BBE00846BEB /* ListInteractor.swift in Sources */ = {isa = PBXBuildFile; fileRef = 25E8FE8D29422BBE00846BEB /* ListInteractor.swift */; };
		25E8FE9029422BCF00846BEB /* ListEntity.swift in Sources */ = {isa = PBXBuildFile; fileRef = 25E8FE8F29422BCF00846BEB /* ListEntity.swift */; };
		25E8FE9229422BD700846BEB /* ListRouter.swift in Sources */ = {isa = PBXBuildFile; fileRef = 25E8FE9129422BD700846BEB /* ListRouter.swift */; };
		25E8FE9429422BE900846BEB /* Persistance.swift in Sources */ = {isa = PBXBuildFile; fileRef = 25E8FE9329422BE900846BEB /* Persistance.swift */; };
		25E8FE9629422BF100846BEB /* Converter.swift in Sources */ = {isa = PBXBuildFile; fileRef = 25E8FE9529422BF100846BEB /* Converter.swift */; };
		25E8FE9829422EEB00846BEB /* ListModuleAssembly.swift in Sources */ = {isa = PBXBuildFile; fileRef = 25E8FE9729422EEB00846BEB /* ListModuleAssembly.swift */; };
		25E8FEA02942362200846BEB /* ListTableViewCell.swift in Sources */ = {isa = PBXBuildFile; fileRef = 25E8FE9E2942362200846BEB /* ListTableViewCell.swift */; };
		25E8FEA12942362200846BEB /* ListTableViewCell.xib in Resources */ = {isa = PBXBuildFile; fileRef = 25E8FE9F2942362200846BEB /* ListTableViewCell.xib */; };
		25E8FEA3294236AA00846BEB /* CellViewModel.swift in Sources */ = {isa = PBXBuildFile; fileRef = 25E8FEA2294236AA00846BEB /* CellViewModel.swift */; };
		25E8FEA529423B0C00846BEB /* Constants.swift in Sources */ = {isa = PBXBuildFile; fileRef = 25E8FEA429423B0C00846BEB /* Constants.swift */; };
		25E8FEA8294245CE00846BEB /* TableView.swift in Sources */ = {isa = PBXBuildFile; fileRef = 25E8FEA7294245CE00846BEB /* TableView.swift */; };
		4BC38E0B20936AF6D2D9F549 /* Pods_taskListTests.framework in Frameworks */ = {isa = PBXBuildFile; fileRef = 759804BFB6055705B0E59663 /* Pods_taskListTests.framework */; };
		67E7E50B11EF02B722A2A93F /* Pods_taskList_taskListUITests.framework in Frameworks */ = {isa = PBXBuildFile; fileRef = D0150F7BBB3AC80436F6806F /* Pods_taskList_taskListUITests.framework */; };
		762BF0C81660C88229045AF0 /* Pods_taskList.framework in Frameworks */ = {isa = PBXBuildFile; fileRef = 2E0CEAF33627AAE762E029F3 /* Pods_taskList.framework */; };
/* End PBXBuildFile section */

/* Begin PBXContainerItemProxy section */
		25E8FE662942251600846BEB /* PBXContainerItemProxy */ = {
			isa = PBXContainerItemProxy;
			containerPortal = 25E8FE442942251500846BEB /* Project object */;
			proxyType = 1;
			remoteGlobalIDString = 25E8FE4B2942251500846BEB;
			remoteInfo = taskList;
		};
		25E8FE702942251600846BEB /* PBXContainerItemProxy */ = {
			isa = PBXContainerItemProxy;
			containerPortal = 25E8FE442942251500846BEB /* Project object */;
			proxyType = 1;
			remoteGlobalIDString = 25E8FE4B2942251500846BEB;
			remoteInfo = taskList;
		};
/* End PBXContainerItemProxy section */

/* Begin PBXFileReference section */
		12C2BCEF7CCFBC6F5BEC3764 /* Pods-taskList.debug.xcconfig */ = {isa = PBXFileReference; includeInIndex = 1; lastKnownFileType = text.xcconfig; name = "Pods-taskList.debug.xcconfig"; path = "Target Support Files/Pods-taskList/Pods-taskList.debug.xcconfig"; sourceTree = "<group>"; };
		255A1DE32945376B008231C5 /* TaskInteractor.swift */ = {isa = PBXFileReference; lastKnownFileType = sourcecode.swift; path = TaskInteractor.swift; sourceTree = "<group>"; };
		255A1DE529453775008231C5 /* TaskPresenter.swift */ = {isa = PBXFileReference; lastKnownFileType = sourcecode.swift; path = TaskPresenter.swift; sourceTree = "<group>"; };
		255A1DE72945377D008231C5 /* TaskEntity.swift */ = {isa = PBXFileReference; lastKnownFileType = sourcecode.swift; path = TaskEntity.swift; sourceTree = "<group>"; };
		255A1DE92945378D008231C5 /* TaskRouter.swift */ = {isa = PBXFileReference; lastKnownFileType = sourcecode.swift; path = TaskRouter.swift; sourceTree = "<group>"; };
		255A1DEB2945379B008231C5 /* TaskModuleAssembly.swift */ = {isa = PBXFileReference; lastKnownFileType = sourcecode.swift; path = TaskModuleAssembly.swift; sourceTree = "<group>"; };
		255A1DEE294537FB008231C5 /* TaskTableViewCell.swift */ = {isa = PBXFileReference; lastKnownFileType = sourcecode.swift; path = TaskTableViewCell.swift; sourceTree = "<group>"; };
		255A1DEF294537FB008231C5 /* TaskTableViewCell.xib */ = {isa = PBXFileReference; lastKnownFileType = file.xib; path = TaskTableViewCell.xib; sourceTree = "<group>"; };
		255A1DF229453C08008231C5 /* TaskViewController.swift */ = {isa = PBXFileReference; lastKnownFileType = sourcecode.swift; path = TaskViewController.swift; sourceTree = "<group>"; };
		25E8FE4C2942251500846BEB /* taskList.app */ = {isa = PBXFileReference; explicitFileType = wrapper.application; includeInIndex = 0; path = taskList.app; sourceTree = BUILT_PRODUCTS_DIR; };
		25E8FE4F2942251500846BEB /* AppDelegate.swift */ = {isa = PBXFileReference; lastKnownFileType = sourcecode.swift; path = AppDelegate.swift; sourceTree = "<group>"; };
		25E8FE512942251500846BEB /* SceneDelegate.swift */ = {isa = PBXFileReference; lastKnownFileType = sourcecode.swift; path = SceneDelegate.swift; sourceTree = "<group>"; };
		25E8FE532942251500846BEB /* ListViewController.swift */ = {isa = PBXFileReference; lastKnownFileType = sourcecode.swift; path = ListViewController.swift; sourceTree = "<group>"; };
		25E8FE592942251500846BEB /* taskList.xcdatamodel */ = {isa = PBXFileReference; lastKnownFileType = wrapper.xcdatamodel; path = taskList.xcdatamodel; sourceTree = "<group>"; };
		25E8FE5B2942251600846BEB /* Assets.xcassets */ = {isa = PBXFileReference; lastKnownFileType = folder.assetcatalog; path = Assets.xcassets; sourceTree = "<group>"; };
		25E8FE5E2942251600846BEB /* Base */ = {isa = PBXFileReference; lastKnownFileType = file.storyboard; name = Base; path = Base.lproj/LaunchScreen.storyboard; sourceTree = "<group>"; };
		25E8FE602942251600846BEB /* Info.plist */ = {isa = PBXFileReference; lastKnownFileType = text.plist.xml; path = Info.plist; sourceTree = "<group>"; };
		25E8FE652942251600846BEB /* taskListTests.xctest */ = {isa = PBXFileReference; explicitFileType = wrapper.cfbundle; includeInIndex = 0; path = taskListTests.xctest; sourceTree = BUILT_PRODUCTS_DIR; };
		25E8FE692942251600846BEB /* taskListTests.swift */ = {isa = PBXFileReference; lastKnownFileType = sourcecode.swift; path = taskListTests.swift; sourceTree = "<group>"; };
		25E8FE6F2942251600846BEB /* taskListUITests.xctest */ = {isa = PBXFileReference; explicitFileType = wrapper.cfbundle; includeInIndex = 0; path = taskListUITests.xctest; sourceTree = BUILT_PRODUCTS_DIR; };
		25E8FE732942251600846BEB /* taskListUITests.swift */ = {isa = PBXFileReference; lastKnownFileType = sourcecode.swift; path = taskListUITests.swift; sourceTree = "<group>"; };
		25E8FE752942251600846BEB /* taskListUITestsLaunchTests.swift */ = {isa = PBXFileReference; lastKnownFileType = sourcecode.swift; path = taskListUITestsLaunchTests.swift; sourceTree = "<group>"; };
		25E8FE8729422AD500846BEB /* ListPresenter.swift */ = {isa = PBXFileReference; lastKnownFileType = sourcecode.swift; path = ListPresenter.swift; sourceTree = "<group>"; };
		25E8FE8D29422BBE00846BEB /* ListInteractor.swift */ = {isa = PBXFileReference; lastKnownFileType = sourcecode.swift; path = ListInteractor.swift; sourceTree = "<group>"; };
		25E8FE8F29422BCF00846BEB /* ListEntity.swift */ = {isa = PBXFileReference; lastKnownFileType = sourcecode.swift; path = ListEntity.swift; sourceTree = "<group>"; };
		25E8FE9129422BD700846BEB /* ListRouter.swift */ = {isa = PBXFileReference; lastKnownFileType = sourcecode.swift; path = ListRouter.swift; sourceTree = "<group>"; };
		25E8FE9329422BE900846BEB /* Persistance.swift */ = {isa = PBXFileReference; lastKnownFileType = sourcecode.swift; path = Persistance.swift; sourceTree = "<group>"; };
		25E8FE9529422BF100846BEB /* Converter.swift */ = {isa = PBXFileReference; lastKnownFileType = sourcecode.swift; path = Converter.swift; sourceTree = "<group>"; };
		25E8FE9729422EEB00846BEB /* ListModuleAssembly.swift */ = {isa = PBXFileReference; lastKnownFileType = sourcecode.swift; path = ListModuleAssembly.swift; sourceTree = "<group>"; };
		25E8FE9E2942362200846BEB /* ListTableViewCell.swift */ = {isa = PBXFileReference; lastKnownFileType = sourcecode.swift; path = ListTableViewCell.swift; sourceTree = "<group>"; };
		25E8FE9F2942362200846BEB /* ListTableViewCell.xib */ = {isa = PBXFileReference; lastKnownFileType = file.xib; path = ListTableViewCell.xib; sourceTree = "<group>"; };
		25E8FEA2294236AA00846BEB /* CellViewModel.swift */ = {isa = PBXFileReference; lastKnownFileType = sourcecode.swift; path = CellViewModel.swift; sourceTree = "<group>"; };
		25E8FEA429423B0C00846BEB /* Constants.swift */ = {isa = PBXFileReference; lastKnownFileType = sourcecode.swift; path = Constants.swift; sourceTree = "<group>"; };
		25E8FEA7294245CE00846BEB /* TableView.swift */ = {isa = PBXFileReference; lastKnownFileType = sourcecode.swift; path = TableView.swift; sourceTree = "<group>"; };
		2E0CEAF33627AAE762E029F3 /* Pods_taskList.framework */ = {isa = PBXFileReference; explicitFileType = wrapper.framework; includeInIndex = 0; path = Pods_taskList.framework; sourceTree = BUILT_PRODUCTS_DIR; };
		611A10EA3D7EAA5783264EA9 /* Pods-taskList.release.xcconfig */ = {isa = PBXFileReference; includeInIndex = 1; lastKnownFileType = text.xcconfig; name = "Pods-taskList.release.xcconfig"; path = "Target Support Files/Pods-taskList/Pods-taskList.release.xcconfig"; sourceTree = "<group>"; };
		6CA27F1ACBF414E726ADDBC2 /* Pods-taskList-taskListUITests.release.xcconfig */ = {isa = PBXFileReference; includeInIndex = 1; lastKnownFileType = text.xcconfig; name = "Pods-taskList-taskListUITests.release.xcconfig"; path = "Target Support Files/Pods-taskList-taskListUITests/Pods-taskList-taskListUITests.release.xcconfig"; sourceTree = "<group>"; };
		759804BFB6055705B0E59663 /* Pods_taskListTests.framework */ = {isa = PBXFileReference; explicitFileType = wrapper.framework; includeInIndex = 0; path = Pods_taskListTests.framework; sourceTree = BUILT_PRODUCTS_DIR; };
		910BECC0AC9E9582669EF4A0 /* Pods-taskList-taskListUITests.debug.xcconfig */ = {isa = PBXFileReference; includeInIndex = 1; lastKnownFileType = text.xcconfig; name = "Pods-taskList-taskListUITests.debug.xcconfig"; path = "Target Support Files/Pods-taskList-taskListUITests/Pods-taskList-taskListUITests.debug.xcconfig"; sourceTree = "<group>"; };
		C7D1E76DC6834B700011DB85 /* Pods-taskListTests.debug.xcconfig */ = {isa = PBXFileReference; includeInIndex = 1; lastKnownFileType = text.xcconfig; name = "Pods-taskListTests.debug.xcconfig"; path = "Target Support Files/Pods-taskListTests/Pods-taskListTests.debug.xcconfig"; sourceTree = "<group>"; };
		D0150F7BBB3AC80436F6806F /* Pods_taskList_taskListUITests.framework */ = {isa = PBXFileReference; explicitFileType = wrapper.framework; includeInIndex = 0; path = Pods_taskList_taskListUITests.framework; sourceTree = BUILT_PRODUCTS_DIR; };
		ED2BCB5A29A71EA91E6092CF /* Pods-taskListTests.release.xcconfig */ = {isa = PBXFileReference; includeInIndex = 1; lastKnownFileType = text.xcconfig; name = "Pods-taskListTests.release.xcconfig"; path = "Target Support Files/Pods-taskListTests/Pods-taskListTests.release.xcconfig"; sourceTree = "<group>"; };
/* End PBXFileReference section */

/* Begin PBXFrameworksBuildPhase section */
		25E8FE492942251500846BEB /* Frameworks */ = {
			isa = PBXFrameworksBuildPhase;
			buildActionMask = 2147483647;
			files = (
				762BF0C81660C88229045AF0 /* Pods_taskList.framework in Frameworks */,
			);
			runOnlyForDeploymentPostprocessing = 0;
		};
		25E8FE622942251600846BEB /* Frameworks */ = {
			isa = PBXFrameworksBuildPhase;
			buildActionMask = 2147483647;
			files = (
				4BC38E0B20936AF6D2D9F549 /* Pods_taskListTests.framework in Frameworks */,
			);
			runOnlyForDeploymentPostprocessing = 0;
		};
		25E8FE6C2942251600846BEB /* Frameworks */ = {
			isa = PBXFrameworksBuildPhase;
			buildActionMask = 2147483647;
			files = (
				67E7E50B11EF02B722A2A93F /* Pods_taskList_taskListUITests.framework in Frameworks */,
			);
			runOnlyForDeploymentPostprocessing = 0;
		};
/* End PBXFrameworksBuildPhase section */

/* Begin PBXGroup section */
		031EDC8D99F84A33709C7E45 /* Frameworks */ = {
			isa = PBXGroup;
			children = (
				2E0CEAF33627AAE762E029F3 /* Pods_taskList.framework */,
				D0150F7BBB3AC80436F6806F /* Pods_taskList_taskListUITests.framework */,
				759804BFB6055705B0E59663 /* Pods_taskListTests.framework */,
			);
			name = Frameworks;
			sourceTree = "<group>";
		};
		107A3894D5EFA1E3D3110DE7 /* Pods */ = {
			isa = PBXGroup;
			children = (
				12C2BCEF7CCFBC6F5BEC3764 /* Pods-taskList.debug.xcconfig */,
				611A10EA3D7EAA5783264EA9 /* Pods-taskList.release.xcconfig */,
				910BECC0AC9E9582669EF4A0 /* Pods-taskList-taskListUITests.debug.xcconfig */,
				6CA27F1ACBF414E726ADDBC2 /* Pods-taskList-taskListUITests.release.xcconfig */,
				C7D1E76DC6834B700011DB85 /* Pods-taskListTests.debug.xcconfig */,
				ED2BCB5A29A71EA91E6092CF /* Pods-taskListTests.release.xcconfig */,
			);
			path = Pods;
			sourceTree = "<group>";
		};
		255A1DE12945370F008231C5 /* TaskModule */ = {
			isa = PBXGroup;
			children = (
				255A1DE229453758008231C5 /* View */,
				255A1DE32945376B008231C5 /* TaskInteractor.swift */,
				255A1DE529453775008231C5 /* TaskPresenter.swift */,
				255A1DE72945377D008231C5 /* TaskEntity.swift */,
				255A1DE92945378D008231C5 /* TaskRouter.swift */,
				255A1DEB2945379B008231C5 /* TaskModuleAssembly.swift */,
			);
			path = TaskModule;
			sourceTree = "<group>";
		};
		255A1DE229453758008231C5 /* View */ = {
			isa = PBXGroup;
			children = (
				255A1DED294537A6008231C5 /* TaskCell */,
				255A1DF229453C08008231C5 /* TaskViewController.swift */,
			);
			path = View;
			sourceTree = "<group>";
		};
		255A1DED294537A6008231C5 /* TaskCell */ = {
			isa = PBXGroup;
			children = (
				255A1DEE294537FB008231C5 /* TaskTableViewCell.swift */,
				255A1DEF294537FB008231C5 /* TaskTableViewCell.xib */,
			);
			path = TaskCell;
			sourceTree = "<group>";
		};
		25E8FE432942251500846BEB = {
			isa = PBXGroup;
			children = (
				25E8FE4E2942251500846BEB /* taskList */,
				25E8FE682942251600846BEB /* taskListTests */,
				25E8FE722942251600846BEB /* taskListUITests */,
				25E8FE4D2942251500846BEB /* Products */,
				107A3894D5EFA1E3D3110DE7 /* Pods */,
				031EDC8D99F84A33709C7E45 /* Frameworks */,
			);
			sourceTree = "<group>";
		};
		25E8FE4D2942251500846BEB /* Products */ = {
			isa = PBXGroup;
			children = (
				25E8FE4C2942251500846BEB /* taskList.app */,
				25E8FE652942251600846BEB /* taskListTests.xctest */,
				25E8FE6F2942251600846BEB /* taskListUITests.xctest */,
			);
			name = Products;
			sourceTree = "<group>";
		};
		25E8FE4E2942251500846BEB /* taskList */ = {
			isa = PBXGroup;
			children = (
				25E8FEA6294245BF00846BEB /* Extensions */,
				25E8FE8B29422B6900846BEB /* Services */,
				25E8FE83294229D800846BEB /* Delegates */,
				25E8FE84294229E300846BEB /* ListModule */,
				255A1DE12945370F008231C5 /* TaskModule */,
				25E8FEA429423B0C00846BEB /* Constants.swift */,
				25E8FE5B2942251600846BEB /* Assets.xcassets */,
				25E8FE5D2942251600846BEB /* LaunchScreen.storyboard */,
				25E8FE602942251600846BEB /* Info.plist */,
			);
			path = taskList;
			sourceTree = "<group>";
		};
		25E8FE682942251600846BEB /* taskListTests */ = {
			isa = PBXGroup;
			children = (
				25E8FE692942251600846BEB /* taskListTests.swift */,
			);
			path = taskListTests;
			sourceTree = "<group>";
		};
		25E8FE722942251600846BEB /* taskListUITests */ = {
			isa = PBXGroup;
			children = (
				25E8FE732942251600846BEB /* taskListUITests.swift */,
				25E8FE752942251600846BEB /* taskListUITestsLaunchTests.swift */,
			);
			path = taskListUITests;
			sourceTree = "<group>";
		};
		25E8FE83294229D800846BEB /* Delegates */ = {
			isa = PBXGroup;
			children = (
				25E8FE4F2942251500846BEB /* AppDelegate.swift */,
				25E8FE512942251500846BEB /* SceneDelegate.swift */,
			);
			path = Delegates;
			sourceTree = "<group>";
		};
		25E8FE84294229E300846BEB /* ListModule */ = {
			isa = PBXGroup;
			children = (
				25E8FE8529422A1200846BEB /* View */,
				25E8FE8D29422BBE00846BEB /* ListInteractor.swift */,
				25E8FE8729422AD500846BEB /* ListPresenter.swift */,
				25E8FE8F29422BCF00846BEB /* ListEntity.swift */,
				25E8FE9129422BD700846BEB /* ListRouter.swift */,
				25E8FE9729422EEB00846BEB /* ListModuleAssembly.swift */,
			);
			path = ListModule;
			sourceTree = "<group>";
		};
		25E8FE8529422A1200846BEB /* View */ = {
			isa = PBXGroup;
			children = (
				25E8FE99294235B900846BEB /* ListCell */,
				25E8FE532942251500846BEB /* ListViewController.swift */,
			);
			path = View;
			sourceTree = "<group>";
		};
		25E8FE8B29422B6900846BEB /* Services */ = {
			isa = PBXGroup;
			children = (
				25E8FE9529422BF100846BEB /* Converter.swift */,
				25E8FEAD294249FC00846BEB /* Persistance */,
			);
			path = Services;
			sourceTree = "<group>";
		};
		25E8FE99294235B900846BEB /* ListCell */ = {
			isa = PBXGroup;
			children = (
				25E8FEA2294236AA00846BEB /* CellViewModel.swift */,
				25E8FE9E2942362200846BEB /* ListTableViewCell.swift */,
				25E8FE9F2942362200846BEB /* ListTableViewCell.xib */,
			);
			path = ListCell;
			sourceTree = "<group>";
		};
		25E8FEA6294245BF00846BEB /* Extensions */ = {
			isa = PBXGroup;
			children = (
				25E8FEA7294245CE00846BEB /* TableView.swift */,
			);
			path = Extensions;
			sourceTree = "<group>";
		};
		25E8FEAD294249FC00846BEB /* Persistance */ = {
			isa = PBXGroup;
			children = (
				25E8FE582942251500846BEB /* taskList.xcdatamodeld */,
				25E8FE9329422BE900846BEB /* Persistance.swift */,
			);
			path = Persistance;
			sourceTree = "<group>";
		};
/* End PBXGroup section */

/* Begin PBXNativeTarget section */
		25E8FE4B2942251500846BEB /* taskList */ = {
			isa = PBXNativeTarget;
			buildConfigurationList = 25E8FE792942251600846BEB /* Build configuration list for PBXNativeTarget "taskList" */;
			buildPhases = (
				FBD79C9F522E280496BBBBAE /* [CP] Check Pods Manifest.lock */,
				25E8FE822942280300846BEB /* ShellScript */,
				25E8FE482942251500846BEB /* Sources */,
				25E8FE492942251500846BEB /* Frameworks */,
				25E8FE4A2942251500846BEB /* Resources */,
				E49DFF06F27E343F9AAE2004 /* [CP] Embed Pods Frameworks */,
			);
			buildRules = (
			);
			dependencies = (
			);
			name = taskList;
			productName = taskList;
			productReference = 25E8FE4C2942251500846BEB /* taskList.app */;
			productType = "com.apple.product-type.application";
		};
		25E8FE642942251600846BEB /* taskListTests */ = {
			isa = PBXNativeTarget;
			buildConfigurationList = 25E8FE7C2942251600846BEB /* Build configuration list for PBXNativeTarget "taskListTests" */;
			buildPhases = (
				A120C29CCD7DCDE9C3769906 /* [CP] Check Pods Manifest.lock */,
				25E8FE612942251600846BEB /* Sources */,
				25E8FE622942251600846BEB /* Frameworks */,
				25E8FE632942251600846BEB /* Resources */,
			);
			buildRules = (
			);
			dependencies = (
				25E8FE672942251600846BEB /* PBXTargetDependency */,
			);
			name = taskListTests;
			productName = taskListTests;
			productReference = 25E8FE652942251600846BEB /* taskListTests.xctest */;
			productType = "com.apple.product-type.bundle.unit-test";
		};
		25E8FE6E2942251600846BEB /* taskListUITests */ = {
			isa = PBXNativeTarget;
			buildConfigurationList = 25E8FE7F2942251600846BEB /* Build configuration list for PBXNativeTarget "taskListUITests" */;
			buildPhases = (
				153CC0569DA8B415FF02254C /* [CP] Check Pods Manifest.lock */,
				25E8FE6B2942251600846BEB /* Sources */,
				25E8FE6C2942251600846BEB /* Frameworks */,
				25E8FE6D2942251600846BEB /* Resources */,
				8CDF735A1231A8094956C30E /* [CP] Embed Pods Frameworks */,
			);
			buildRules = (
			);
			dependencies = (
				25E8FE712942251600846BEB /* PBXTargetDependency */,
			);
			name = taskListUITests;
			productName = taskListUITests;
			productReference = 25E8FE6F2942251600846BEB /* taskListUITests.xctest */;
			productType = "com.apple.product-type.bundle.ui-testing";
		};
/* End PBXNativeTarget section */

/* Begin PBXProject section */
		25E8FE442942251500846BEB /* Project object */ = {
			isa = PBXProject;
			attributes = {
				BuildIndependentTargetsInParallel = 1;
				LastSwiftUpdateCheck = 1410;
				LastUpgradeCheck = 1410;
				TargetAttributes = {
					25E8FE4B2942251500846BEB = {
						CreatedOnToolsVersion = 14.1;
					};
					25E8FE642942251600846BEB = {
						CreatedOnToolsVersion = 14.1;
						TestTargetID = 25E8FE4B2942251500846BEB;
					};
					25E8FE6E2942251600846BEB = {
						CreatedOnToolsVersion = 14.1;
						TestTargetID = 25E8FE4B2942251500846BEB;
					};
				};
			};
			buildConfigurationList = 25E8FE472942251500846BEB /* Build configuration list for PBXProject "taskList" */;
			compatibilityVersion = "Xcode 14.0";
			developmentRegion = en;
			hasScannedForEncodings = 0;
			knownRegions = (
				en,
				Base,
			);
			mainGroup = 25E8FE432942251500846BEB;
			productRefGroup = 25E8FE4D2942251500846BEB /* Products */;
			projectDirPath = "";
			projectRoot = "";
			targets = (
				25E8FE4B2942251500846BEB /* taskList */,
				25E8FE642942251600846BEB /* taskListTests */,
				25E8FE6E2942251600846BEB /* taskListUITests */,
			);
		};
/* End PBXProject section */

/* Begin PBXResourcesBuildPhase section */
		25E8FE4A2942251500846BEB /* Resources */ = {
			isa = PBXResourcesBuildPhase;
			buildActionMask = 2147483647;
			files = (
				255A1DF1294537FB008231C5 /* TaskTableViewCell.xib in Resources */,
				25E8FE5F2942251600846BEB /* LaunchScreen.storyboard in Resources */,
				25E8FEA12942362200846BEB /* ListTableViewCell.xib in Resources */,
				25E8FE5C2942251600846BEB /* Assets.xcassets in Resources */,
			);
			runOnlyForDeploymentPostprocessing = 0;
		};
		25E8FE632942251600846BEB /* Resources */ = {
			isa = PBXResourcesBuildPhase;
			buildActionMask = 2147483647;
			files = (
			);
			runOnlyForDeploymentPostprocessing = 0;
		};
		25E8FE6D2942251600846BEB /* Resources */ = {
			isa = PBXResourcesBuildPhase;
			buildActionMask = 2147483647;
			files = (
			);
			runOnlyForDeploymentPostprocessing = 0;
		};
/* End PBXResourcesBuildPhase section */

/* Begin PBXShellScriptBuildPhase section */
		153CC0569DA8B415FF02254C /* [CP] Check Pods Manifest.lock */ = {
			isa = PBXShellScriptBuildPhase;
			buildActionMask = 2147483647;
			files = (
			);
			inputFileListPaths = (
			);
			inputPaths = (
				"${PODS_PODFILE_DIR_PATH}/Podfile.lock",
				"${PODS_ROOT}/Manifest.lock",
			);
			name = "[CP] Check Pods Manifest.lock";
			outputFileListPaths = (
			);
			outputPaths = (
				"$(DERIVED_FILE_DIR)/Pods-taskList-taskListUITests-checkManifestLockResult.txt",
			);
			runOnlyForDeploymentPostprocessing = 0;
			shellPath = /bin/sh;
			shellScript = "diff \"${PODS_PODFILE_DIR_PATH}/Podfile.lock\" \"${PODS_ROOT}/Manifest.lock\" > /dev/null\nif [ $? != 0 ] ; then\n    # print error to STDERR\n    echo \"error: The sandbox is not in sync with the Podfile.lock. Run 'pod install' or update your CocoaPods installation.\" >&2\n    exit 1\nfi\n# This output is used by Xcode 'outputs' to avoid re-running this script phase.\necho \"SUCCESS\" > \"${SCRIPT_OUTPUT_FILE_0}\"\n";
			showEnvVarsInLog = 0;
		};
		25E8FE822942280300846BEB /* ShellScript */ = {
			isa = PBXShellScriptBuildPhase;
			alwaysOutOfDate = 1;
			buildActionMask = 2147483647;
			files = (
			);
			inputFileListPaths = (
			);
			inputPaths = (
			);
			outputFileListPaths = (
			);
			outputPaths = (
			);
			runOnlyForDeploymentPostprocessing = 0;
			shellPath = /bin/sh;
			shellScript = "# Type a script or drag a script file from your workspace to insert its path.\n\"${PODS_ROOT}/SwiftLint/swiftlint\"\n";
		};
		8CDF735A1231A8094956C30E /* [CP] Embed Pods Frameworks */ = {
			isa = PBXShellScriptBuildPhase;
			buildActionMask = 2147483647;
			files = (
			);
			inputFileListPaths = (
				"${PODS_ROOT}/Target Support Files/Pods-taskList-taskListUITests/Pods-taskList-taskListUITests-frameworks-${CONFIGURATION}-input-files.xcfilelist",
			);
			name = "[CP] Embed Pods Frameworks";
			outputFileListPaths = (
				"${PODS_ROOT}/Target Support Files/Pods-taskList-taskListUITests/Pods-taskList-taskListUITests-frameworks-${CONFIGURATION}-output-files.xcfilelist",
			);
			runOnlyForDeploymentPostprocessing = 0;
			shellPath = /bin/sh;
			shellScript = "\"${PODS_ROOT}/Target Support Files/Pods-taskList-taskListUITests/Pods-taskList-taskListUITests-frameworks.sh\"\n";
			showEnvVarsInLog = 0;
		};
		A120C29CCD7DCDE9C3769906 /* [CP] Check Pods Manifest.lock */ = {
			isa = PBXShellScriptBuildPhase;
			buildActionMask = 2147483647;
			files = (
			);
			inputFileListPaths = (
			);
			inputPaths = (
				"${PODS_PODFILE_DIR_PATH}/Podfile.lock",
				"${PODS_ROOT}/Manifest.lock",
			);
			name = "[CP] Check Pods Manifest.lock";
			outputFileListPaths = (
			);
			outputPaths = (
				"$(DERIVED_FILE_DIR)/Pods-taskListTests-checkManifestLockResult.txt",
			);
			runOnlyForDeploymentPostprocessing = 0;
			shellPath = /bin/sh;
			shellScript = "diff \"${PODS_PODFILE_DIR_PATH}/Podfile.lock\" \"${PODS_ROOT}/Manifest.lock\" > /dev/null\nif [ $? != 0 ] ; then\n    # print error to STDERR\n    echo \"error: The sandbox is not in sync with the Podfile.lock. Run 'pod install' or update your CocoaPods installation.\" >&2\n    exit 1\nfi\n# This output is used by Xcode 'outputs' to avoid re-running this script phase.\necho \"SUCCESS\" > \"${SCRIPT_OUTPUT_FILE_0}\"\n";
			showEnvVarsInLog = 0;
		};
		E49DFF06F27E343F9AAE2004 /* [CP] Embed Pods Frameworks */ = {
			isa = PBXShellScriptBuildPhase;
			buildActionMask = 2147483647;
			files = (
			);
			inputFileListPaths = (
				"${PODS_ROOT}/Target Support Files/Pods-taskList/Pods-taskList-frameworks-${CONFIGURATION}-input-files.xcfilelist",
			);
			name = "[CP] Embed Pods Frameworks";
			outputFileListPaths = (
				"${PODS_ROOT}/Target Support Files/Pods-taskList/Pods-taskList-frameworks-${CONFIGURATION}-output-files.xcfilelist",
			);
			runOnlyForDeploymentPostprocessing = 0;
			shellPath = /bin/sh;
			shellScript = "\"${PODS_ROOT}/Target Support Files/Pods-taskList/Pods-taskList-frameworks.sh\"\n";
			showEnvVarsInLog = 0;
		};
		FBD79C9F522E280496BBBBAE /* [CP] Check Pods Manifest.lock */ = {
			isa = PBXShellScriptBuildPhase;
			buildActionMask = 2147483647;
			files = (
			);
			inputFileListPaths = (
			);
			inputPaths = (
				"${PODS_PODFILE_DIR_PATH}/Podfile.lock",
				"${PODS_ROOT}/Manifest.lock",
			);
			name = "[CP] Check Pods Manifest.lock";
			outputFileListPaths = (
			);
			outputPaths = (
				"$(DERIVED_FILE_DIR)/Pods-taskList-checkManifestLockResult.txt",
			);
			runOnlyForDeploymentPostprocessing = 0;
			shellPath = /bin/sh;
			shellScript = "diff \"${PODS_PODFILE_DIR_PATH}/Podfile.lock\" \"${PODS_ROOT}/Manifest.lock\" > /dev/null\nif [ $? != 0 ] ; then\n    # print error to STDERR\n    echo \"error: The sandbox is not in sync with the Podfile.lock. Run 'pod install' or update your CocoaPods installation.\" >&2\n    exit 1\nfi\n# This output is used by Xcode 'outputs' to avoid re-running this script phase.\necho \"SUCCESS\" > \"${SCRIPT_OUTPUT_FILE_0}\"\n";
			showEnvVarsInLog = 0;
		};
/* End PBXShellScriptBuildPhase section */

/* Begin PBXSourcesBuildPhase section */
		25E8FE482942251500846BEB /* Sources */ = {
			isa = PBXSourcesBuildPhase;
			buildActionMask = 2147483647;
			files = (
				255A1DEC2945379B008231C5 /* TaskModuleAssembly.swift in Sources */,
				25E8FE9229422BD700846BEB /* ListRouter.swift in Sources */,
				25E8FEA8294245CE00846BEB /* TableView.swift in Sources */,
				25E8FE8E29422BBE00846BEB /* ListInteractor.swift in Sources */,
				25E8FE9029422BCF00846BEB /* ListEntity.swift in Sources */,
				25E8FE5A2942251500846BEB /* taskList.xcdatamodeld in Sources */,
				25E8FE9829422EEB00846BEB /* ListModuleAssembly.swift in Sources */,
				25E8FEA02942362200846BEB /* ListTableViewCell.swift in Sources */,
				25E8FE9629422BF100846BEB /* Converter.swift in Sources */,
				255A1DF329453C08008231C5 /* TaskViewController.swift in Sources */,
				25E8FE542942251500846BEB /* ListViewController.swift in Sources */,
				25E8FE9429422BE900846BEB /* Persistance.swift in Sources */,
				255A1DE629453775008231C5 /* TaskPresenter.swift in Sources */,
				25E8FE502942251500846BEB /* AppDelegate.swift in Sources */,
				25E8FE522942251500846BEB /* SceneDelegate.swift in Sources */,
				255A1DF0294537FB008231C5 /* TaskTableViewCell.swift in Sources */,
				25E8FEA529423B0C00846BEB /* Constants.swift in Sources */,
				255A1DEA2945378D008231C5 /* TaskRouter.swift in Sources */,
				255A1DE42945376B008231C5 /* TaskInteractor.swift in Sources */,
				255A1DE82945377D008231C5 /* TaskEntity.swift in Sources */,
				25E8FEA3294236AA00846BEB /* CellViewModel.swift in Sources */,
				25E8FE8829422AD500846BEB /* ListPresenter.swift in Sources */,
			);
			runOnlyForDeploymentPostprocessing = 0;
		};
		25E8FE612942251600846BEB /* Sources */ = {
			isa = PBXSourcesBuildPhase;
			buildActionMask = 2147483647;
			files = (
				25E8FE6A2942251600846BEB /* taskListTests.swift in Sources */,
			);
			runOnlyForDeploymentPostprocessing = 0;
		};
		25E8FE6B2942251600846BEB /* Sources */ = {
			isa = PBXSourcesBuildPhase;
			buildActionMask = 2147483647;
			files = (
				25E8FE762942251600846BEB /* taskListUITestsLaunchTests.swift in Sources */,
				25E8FE742942251600846BEB /* taskListUITests.swift in Sources */,
			);
			runOnlyForDeploymentPostprocessing = 0;
		};
/* End PBXSourcesBuildPhase section */

/* Begin PBXTargetDependency section */
		25E8FE672942251600846BEB /* PBXTargetDependency */ = {
			isa = PBXTargetDependency;
			target = 25E8FE4B2942251500846BEB /* taskList */;
			targetProxy = 25E8FE662942251600846BEB /* PBXContainerItemProxy */;
		};
		25E8FE712942251600846BEB /* PBXTargetDependency */ = {
			isa = PBXTargetDependency;
			target = 25E8FE4B2942251500846BEB /* taskList */;
			targetProxy = 25E8FE702942251600846BEB /* PBXContainerItemProxy */;
		};
/* End PBXTargetDependency section */

/* Begin PBXVariantGroup section */
		25E8FE5D2942251600846BEB /* LaunchScreen.storyboard */ = {
			isa = PBXVariantGroup;
			children = (
				25E8FE5E2942251600846BEB /* Base */,
			);
			name = LaunchScreen.storyboard;
			sourceTree = "<group>";
		};
/* End PBXVariantGroup section */

/* Begin XCBuildConfiguration section */
		25E8FE772942251600846BEB /* Debug */ = {
			isa = XCBuildConfiguration;
			buildSettings = {
				ALWAYS_SEARCH_USER_PATHS = NO;
				CLANG_ANALYZER_NONNULL = YES;
				CLANG_ANALYZER_NUMBER_OBJECT_CONVERSION = YES_AGGRESSIVE;
				CLANG_CXX_LANGUAGE_STANDARD = "gnu++20";
				CLANG_ENABLE_MODULES = YES;
				CLANG_ENABLE_OBJC_ARC = YES;
				CLANG_ENABLE_OBJC_WEAK = YES;
				CLANG_WARN_BLOCK_CAPTURE_AUTORELEASING = YES;
				CLANG_WARN_BOOL_CONVERSION = YES;
				CLANG_WARN_COMMA = YES;
				CLANG_WARN_CONSTANT_CONVERSION = YES;
				CLANG_WARN_DEPRECATED_OBJC_IMPLEMENTATIONS = YES;
				CLANG_WARN_DIRECT_OBJC_ISA_USAGE = YES_ERROR;
				CLANG_WARN_DOCUMENTATION_COMMENTS = YES;
				CLANG_WARN_EMPTY_BODY = YES;
				CLANG_WARN_ENUM_CONVERSION = YES;
				CLANG_WARN_INFINITE_RECURSION = YES;
				CLANG_WARN_INT_CONVERSION = YES;
				CLANG_WARN_NON_LITERAL_NULL_CONVERSION = YES;
				CLANG_WARN_OBJC_IMPLICIT_RETAIN_SELF = YES;
				CLANG_WARN_OBJC_LITERAL_CONVERSION = YES;
				CLANG_WARN_OBJC_ROOT_CLASS = YES_ERROR;
				CLANG_WARN_QUOTED_INCLUDE_IN_FRAMEWORK_HEADER = YES;
				CLANG_WARN_RANGE_LOOP_ANALYSIS = YES;
				CLANG_WARN_STRICT_PROTOTYPES = YES;
				CLANG_WARN_SUSPICIOUS_MOVE = YES;
				CLANG_WARN_UNGUARDED_AVAILABILITY = YES_AGGRESSIVE;
				CLANG_WARN_UNREACHABLE_CODE = YES;
				CLANG_WARN__DUPLICATE_METHOD_MATCH = YES;
				COPY_PHASE_STRIP = NO;
				DEBUG_INFORMATION_FORMAT = dwarf;
				ENABLE_STRICT_OBJC_MSGSEND = YES;
				ENABLE_TESTABILITY = YES;
				GCC_C_LANGUAGE_STANDARD = gnu11;
				GCC_DYNAMIC_NO_PIC = NO;
				GCC_NO_COMMON_BLOCKS = YES;
				GCC_OPTIMIZATION_LEVEL = 0;
				GCC_PREPROCESSOR_DEFINITIONS = (
					"DEBUG=1",
					"$(inherited)",
				);
				GCC_WARN_64_TO_32_BIT_CONVERSION = YES;
				GCC_WARN_ABOUT_RETURN_TYPE = YES_ERROR;
				GCC_WARN_UNDECLARED_SELECTOR = YES;
				GCC_WARN_UNINITIALIZED_AUTOS = YES_AGGRESSIVE;
				GCC_WARN_UNUSED_FUNCTION = YES;
				GCC_WARN_UNUSED_VARIABLE = YES;
				IPHONEOS_DEPLOYMENT_TARGET = 16.1;
				MTL_ENABLE_DEBUG_INFO = INCLUDE_SOURCE;
				MTL_FAST_MATH = YES;
				ONLY_ACTIVE_ARCH = YES;
				SDKROOT = iphoneos;
				SWIFT_ACTIVE_COMPILATION_CONDITIONS = DEBUG;
				SWIFT_OPTIMIZATION_LEVEL = "-Onone";
			};
			name = Debug;
		};
		25E8FE782942251600846BEB /* Release */ = {
			isa = XCBuildConfiguration;
			buildSettings = {
				ALWAYS_SEARCH_USER_PATHS = NO;
				CLANG_ANALYZER_NONNULL = YES;
				CLANG_ANALYZER_NUMBER_OBJECT_CONVERSION = YES_AGGRESSIVE;
				CLANG_CXX_LANGUAGE_STANDARD = "gnu++20";
				CLANG_ENABLE_MODULES = YES;
				CLANG_ENABLE_OBJC_ARC = YES;
				CLANG_ENABLE_OBJC_WEAK = YES;
				CLANG_WARN_BLOCK_CAPTURE_AUTORELEASING = YES;
				CLANG_WARN_BOOL_CONVERSION = YES;
				CLANG_WARN_COMMA = YES;
				CLANG_WARN_CONSTANT_CONVERSION = YES;
				CLANG_WARN_DEPRECATED_OBJC_IMPLEMENTATIONS = YES;
				CLANG_WARN_DIRECT_OBJC_ISA_USAGE = YES_ERROR;
				CLANG_WARN_DOCUMENTATION_COMMENTS = YES;
				CLANG_WARN_EMPTY_BODY = YES;
				CLANG_WARN_ENUM_CONVERSION = YES;
				CLANG_WARN_INFINITE_RECURSION = YES;
				CLANG_WARN_INT_CONVERSION = YES;
				CLANG_WARN_NON_LITERAL_NULL_CONVERSION = YES;
				CLANG_WARN_OBJC_IMPLICIT_RETAIN_SELF = YES;
				CLANG_WARN_OBJC_LITERAL_CONVERSION = YES;
				CLANG_WARN_OBJC_ROOT_CLASS = YES_ERROR;
				CLANG_WARN_QUOTED_INCLUDE_IN_FRAMEWORK_HEADER = YES;
				CLANG_WARN_RANGE_LOOP_ANALYSIS = YES;
				CLANG_WARN_STRICT_PROTOTYPES = YES;
				CLANG_WARN_SUSPICIOUS_MOVE = YES;
				CLANG_WARN_UNGUARDED_AVAILABILITY = YES_AGGRESSIVE;
				CLANG_WARN_UNREACHABLE_CODE = YES;
				CLANG_WARN__DUPLICATE_METHOD_MATCH = YES;
				COPY_PHASE_STRIP = NO;
				DEBUG_INFORMATION_FORMAT = "dwarf-with-dsym";
				ENABLE_NS_ASSERTIONS = NO;
				ENABLE_STRICT_OBJC_MSGSEND = YES;
				GCC_C_LANGUAGE_STANDARD = gnu11;
				GCC_NO_COMMON_BLOCKS = YES;
				GCC_WARN_64_TO_32_BIT_CONVERSION = YES;
				GCC_WARN_ABOUT_RETURN_TYPE = YES_ERROR;
				GCC_WARN_UNDECLARED_SELECTOR = YES;
				GCC_WARN_UNINITIALIZED_AUTOS = YES_AGGRESSIVE;
				GCC_WARN_UNUSED_FUNCTION = YES;
				GCC_WARN_UNUSED_VARIABLE = YES;
				IPHONEOS_DEPLOYMENT_TARGET = 16.1;
				MTL_ENABLE_DEBUG_INFO = NO;
				MTL_FAST_MATH = YES;
				SDKROOT = iphoneos;
				SWIFT_COMPILATION_MODE = wholemodule;
				SWIFT_OPTIMIZATION_LEVEL = "-O";
				VALIDATE_PRODUCT = YES;
			};
			name = Release;
		};
		25E8FE7A2942251600846BEB /* Debug */ = {
			isa = XCBuildConfiguration;
			baseConfigurationReference = 12C2BCEF7CCFBC6F5BEC3764 /* Pods-taskList.debug.xcconfig */;
			buildSettings = {
				ASSETCATALOG_COMPILER_APPICON_NAME = AppIcon;
				ASSETCATALOG_COMPILER_GLOBAL_ACCENT_COLOR_NAME = AccentColor;
				CODE_SIGN_STYLE = Automatic;
				CURRENT_PROJECT_VERSION = 1;
				DEVELOPMENT_TEAM = F5BJS4MMJH;
				GENERATE_INFOPLIST_FILE = YES;
				INFOPLIST_FILE = taskList/Info.plist;
				INFOPLIST_KEY_UIApplicationSupportsIndirectInputEvents = YES;
				INFOPLIST_KEY_UILaunchStoryboardName = LaunchScreen;
				INFOPLIST_KEY_UISupportedInterfaceOrientations = UIInterfaceOrientationPortrait;
				INFOPLIST_KEY_UISupportedInterfaceOrientations_iPad = "UIInterfaceOrientationLandscapeLeft UIInterfaceOrientationLandscapeRight UIInterfaceOrientationPortrait UIInterfaceOrientationPortraitUpsideDown";
				IPHONEOS_DEPLOYMENT_TARGET = 15.0;
				LD_RUNPATH_SEARCH_PATHS = (
					"$(inherited)",
					"@executable_path/Frameworks",
				);
				MARKETING_VERSION = 1.0;
				PRODUCT_BUNDLE_IDENTIFIER = davidtonoyan.taskList;
				PRODUCT_NAME = "$(TARGET_NAME)";
				SUPPORTED_PLATFORMS = "iphoneos iphonesimulator";
				SUPPORTS_MACCATALYST = NO;
				SUPPORTS_MAC_DESIGNED_FOR_IPHONE_IPAD = NO;
				SWIFT_EMIT_LOC_STRINGS = YES;
				SWIFT_VERSION = 5.0;
				TARGETED_DEVICE_FAMILY = 1;
			};
			name = Debug;
		};
		25E8FE7B2942251600846BEB /* Release */ = {
			isa = XCBuildConfiguration;
			baseConfigurationReference = 611A10EA3D7EAA5783264EA9 /* Pods-taskList.release.xcconfig */;
			buildSettings = {
				ASSETCATALOG_COMPILER_APPICON_NAME = AppIcon;
				ASSETCATALOG_COMPILER_GLOBAL_ACCENT_COLOR_NAME = AccentColor;
				CODE_SIGN_STYLE = Automatic;
				CURRENT_PROJECT_VERSION = 1;
				DEVELOPMENT_TEAM = F5BJS4MMJH;
				GENERATE_INFOPLIST_FILE = YES;
				INFOPLIST_FILE = taskList/Info.plist;
				INFOPLIST_KEY_UIApplicationSupportsIndirectInputEvents = YES;
				INFOPLIST_KEY_UILaunchStoryboardName = LaunchScreen;
				INFOPLIST_KEY_UISupportedInterfaceOrientations = UIInterfaceOrientationPortrait;
				INFOPLIST_KEY_UISupportedInterfaceOrientations_iPad = "UIInterfaceOrientationLandscapeLeft UIInterfaceOrientationLandscapeRight UIInterfaceOrientationPortrait UIInterfaceOrientationPortraitUpsideDown";
				IPHONEOS_DEPLOYMENT_TARGET = 15.0;
				LD_RUNPATH_SEARCH_PATHS = (
					"$(inherited)",
					"@executable_path/Frameworks",
				);
				MARKETING_VERSION = 1.0;
				PRODUCT_BUNDLE_IDENTIFIER = davidtonoyan.taskList;
				PRODUCT_NAME = "$(TARGET_NAME)";
				SUPPORTED_PLATFORMS = "iphoneos iphonesimulator";
				SUPPORTS_MACCATALYST = NO;
				SUPPORTS_MAC_DESIGNED_FOR_IPHONE_IPAD = NO;
				SWIFT_EMIT_LOC_STRINGS = YES;
				SWIFT_VERSION = 5.0;
				TARGETED_DEVICE_FAMILY = 1;
			};
			name = Release;
		};
		25E8FE7D2942251600846BEB /* Debug */ = {
			isa = XCBuildConfiguration;
			baseConfigurationReference = C7D1E76DC6834B700011DB85 /* Pods-taskListTests.debug.xcconfig */;
			buildSettings = {
				ALWAYS_EMBED_SWIFT_STANDARD_LIBRARIES = YES;
				BUNDLE_LOADER = "$(TEST_HOST)";
				CODE_SIGN_STYLE = Automatic;
				CURRENT_PROJECT_VERSION = 1;
				DEVELOPMENT_TEAM = F5BJS4MMJH;
				GENERATE_INFOPLIST_FILE = YES;
				IPHONEOS_DEPLOYMENT_TARGET = 16.1;
				MARKETING_VERSION = 1.0;
				PRODUCT_BUNDLE_IDENTIFIER = davidtonoyan.taskListTests;
				PRODUCT_NAME = "$(TARGET_NAME)";
				SWIFT_EMIT_LOC_STRINGS = NO;
				SWIFT_VERSION = 5.0;
				TARGETED_DEVICE_FAMILY = "1,2";
				TEST_HOST = "$(BUILT_PRODUCTS_DIR)/taskList.app/$(BUNDLE_EXECUTABLE_FOLDER_PATH)/taskList";
			};
			name = Debug;
		};
		25E8FE7E2942251600846BEB /* Release */ = {
			isa = XCBuildConfiguration;
			baseConfigurationReference = ED2BCB5A29A71EA91E6092CF /* Pods-taskListTests.release.xcconfig */;
			buildSettings = {
				ALWAYS_EMBED_SWIFT_STANDARD_LIBRARIES = YES;
				BUNDLE_LOADER = "$(TEST_HOST)";
				CODE_SIGN_STYLE = Automatic;
				CURRENT_PROJECT_VERSION = 1;
				DEVELOPMENT_TEAM = F5BJS4MMJH;
				GENERATE_INFOPLIST_FILE = YES;
				IPHONEOS_DEPLOYMENT_TARGET = 16.1;
				MARKETING_VERSION = 1.0;
				PRODUCT_BUNDLE_IDENTIFIER = davidtonoyan.taskListTests;
				PRODUCT_NAME = "$(TARGET_NAME)";
				SWIFT_EMIT_LOC_STRINGS = NO;
				SWIFT_VERSION = 5.0;
				TARGETED_DEVICE_FAMILY = "1,2";
				TEST_HOST = "$(BUILT_PRODUCTS_DIR)/taskList.app/$(BUNDLE_EXECUTABLE_FOLDER_PATH)/taskList";
			};
			name = Release;
		};
		25E8FE802942251600846BEB /* Debug */ = {
			isa = XCBuildConfiguration;
			baseConfigurationReference = 910BECC0AC9E9582669EF4A0 /* Pods-taskList-taskListUITests.debug.xcconfig */;
			buildSettings = {
				ALWAYS_EMBED_SWIFT_STANDARD_LIBRARIES = YES;
				CODE_SIGN_STYLE = Automatic;
				CURRENT_PROJECT_VERSION = 1;
				DEVELOPMENT_TEAM = F5BJS4MMJH;
				GENERATE_INFOPLIST_FILE = YES;
				MARKETING_VERSION = 1.0;
				PRODUCT_BUNDLE_IDENTIFIER = davidtonoyan.taskListUITests;
				PRODUCT_NAME = "$(TARGET_NAME)";
				SWIFT_EMIT_LOC_STRINGS = NO;
				SWIFT_VERSION = 5.0;
				TARGETED_DEVICE_FAMILY = "1,2";
				TEST_TARGET_NAME = taskList;
			};
			name = Debug;
		};
		25E8FE812942251600846BEB /* Release */ = {
			isa = XCBuildConfiguration;
			baseConfigurationReference = 6CA27F1ACBF414E726ADDBC2 /* Pods-taskList-taskListUITests.release.xcconfig */;
			buildSettings = {
				ALWAYS_EMBED_SWIFT_STANDARD_LIBRARIES = YES;
				CODE_SIGN_STYLE = Automatic;
				CURRENT_PROJECT_VERSION = 1;
				DEVELOPMENT_TEAM = F5BJS4MMJH;
				GENERATE_INFOPLIST_FILE = YES;
				MARKETING_VERSION = 1.0;
				PRODUCT_BUNDLE_IDENTIFIER = davidtonoyan.taskListUITests;
				PRODUCT_NAME = "$(TARGET_NAME)";
				SWIFT_EMIT_LOC_STRINGS = NO;
				SWIFT_VERSION = 5.0;
				TARGETED_DEVICE_FAMILY = "1,2";
				TEST_TARGET_NAME = taskList;
			};
			name = Release;
		};
/* End XCBuildConfiguration section */

/* Begin XCConfigurationList section */
		25E8FE472942251500846BEB /* Build configuration list for PBXProject "taskList" */ = {
			isa = XCConfigurationList;
			buildConfigurations = (
				25E8FE772942251600846BEB /* Debug */,
				25E8FE782942251600846BEB /* Release */,
			);
			defaultConfigurationIsVisible = 0;
			defaultConfigurationName = Release;
		};
		25E8FE792942251600846BEB /* Build configuration list for PBXNativeTarget "taskList" */ = {
			isa = XCConfigurationList;
			buildConfigurations = (
				25E8FE7A2942251600846BEB /* Debug */,
				25E8FE7B2942251600846BEB /* Release */,
			);
			defaultConfigurationIsVisible = 0;
			defaultConfigurationName = Release;
		};
		25E8FE7C2942251600846BEB /* Build configuration list for PBXNativeTarget "taskListTests" */ = {
			isa = XCConfigurationList;
			buildConfigurations = (
				25E8FE7D2942251600846BEB /* Debug */,
				25E8FE7E2942251600846BEB /* Release */,
			);
			defaultConfigurationIsVisible = 0;
			defaultConfigurationName = Release;
		};
		25E8FE7F2942251600846BEB /* Build configuration list for PBXNativeTarget "taskListUITests" */ = {
			isa = XCConfigurationList;
			buildConfigurations = (
				25E8FE802942251600846BEB /* Debug */,
				25E8FE812942251600846BEB /* Release */,
			);
			defaultConfigurationIsVisible = 0;
			defaultConfigurationName = Release;
		};
/* End XCConfigurationList section */

/* Begin XCVersionGroup section */
		25E8FE582942251500846BEB /* taskList.xcdatamodeld */ = {
			isa = XCVersionGroup;
			children = (
				25E8FE592942251500846BEB /* taskList.xcdatamodel */,
			);
			currentVersion = 25E8FE592942251500846BEB /* taskList.xcdatamodel */;
			path = taskList.xcdatamodeld;
			sourceTree = "<group>";
			versionGroupType = wrapper.xcdatamodel;
		};
/* End XCVersionGroup section */
	};
	rootObject = 25E8FE442942251500846BEB /* Project object */;
}
